// !$*UTF8*$!
{
	archiveVersion = 1;
	classes = {
	};
	objectVersion = 50;
	objects = {

/* Begin PBXBuildFile section */
		127B16E7217443B200829046 /* AppDelegate.m in Sources */ = {isa = PBXBuildFile; fileRef = 127B16E6217443B200829046 /* AppDelegate.m */; };
		127B16EA217443B200829046 /* ViewController.m in Sources */ = {isa = PBXBuildFile; fileRef = 127B16E9217443B200829046 /* ViewController.m */; };
		127B16ED217443B200829046 /* Main.storyboard in Resources */ = {isa = PBXBuildFile; fileRef = 127B16EB217443B200829046 /* Main.storyboard */; };
		127B16EF217443B300829046 /* Assets.xcassets in Resources */ = {isa = PBXBuildFile; fileRef = 127B16EE217443B300829046 /* Assets.xcassets */; };
		127B16F2217443B300829046 /* LaunchScreen.storyboard in Resources */ = {isa = PBXBuildFile; fileRef = 127B16F0217443B300829046 /* LaunchScreen.storyboard */; };
		127B16F5217443B300829046 /* main.m in Sources */ = {isa = PBXBuildFile; fileRef = 127B16F4217443B300829046 /* main.m */; };
		127B17012174448A00829046 /* YLSimpleTools.m in Sources */ = {isa = PBXBuildFile; fileRef = 127B16FF2174448A00829046 /* YLSimpleTools.m */; };
/* End PBXBuildFile section */

/* Begin PBXFileReference section */
		127B16E2217443B200829046 /* YLSimpleToolsDemo.app */ = {isa = PBXFileReference; explicitFileType = wrapper.application; includeInIndex = 0; path = YLSimpleToolsDemo.app; sourceTree = BUILT_PRODUCTS_DIR; };
		127B16E5217443B200829046 /* AppDelegate.h */ = {isa = PBXFileReference; lastKnownFileType = sourcecode.c.h; path = AppDelegate.h; sourceTree = "<group>"; };
		127B16E6217443B200829046 /* AppDelegate.m */ = {isa = PBXFileReference; lastKnownFileType = sourcecode.c.objc; path = AppDelegate.m; sourceTree = "<group>"; };
		127B16E8217443B200829046 /* ViewController.h */ = {isa = PBXFileReference; lastKnownFileType = sourcecode.c.h; path = ViewController.h; sourceTree = "<group>"; };
		127B16E9217443B200829046 /* ViewController.m */ = {isa = PBXFileReference; lastKnownFileType = sourcecode.c.objc; path = ViewController.m; sourceTree = "<group>"; };
		127B16EC217443B200829046 /* Base */ = {isa = PBXFileReference; lastKnownFileType = file.storyboard; name = Base; path = Base.lproj/Main.storyboard; sourceTree = "<group>"; };
		127B16EE217443B300829046 /* Assets.xcassets */ = {isa = PBXFileReference; lastKnownFileType = folder.assetcatalog; path = Assets.xcassets; sourceTree = "<group>"; };
		127B16F1217443B300829046 /* Base */ = {isa = PBXFileReference; lastKnownFileType = file.storyboard; name = Base; path = Base.lproj/LaunchScreen.storyboard; sourceTree = "<group>"; };
		127B16F3217443B300829046 /* Info.plist */ = {isa = PBXFileReference; lastKnownFileType = text.plist.xml; path = Info.plist; sourceTree = "<group>"; };
		127B16F4217443B300829046 /* main.m */ = {isa = PBXFileReference; lastKnownFileType = sourcecode.c.objc; path = main.m; sourceTree = "<group>"; };
		127B16FF2174448A00829046 /* YLSimpleTools.m */ = {isa = PBXFileReference; fileEncoding = 4; lastKnownFileType = sourcecode.c.objc; path = YLSimpleTools.m; sourceTree = "<group>"; };
		127B17002174448A00829046 /* YLSimpleTools.h */ = {isa = PBXFileReference; fileEncoding = 4; lastKnownFileType = sourcecode.c.h; path = YLSimpleTools.h; sourceTree = "<group>"; };
/* End PBXFileReference section */

/* Begin PBXFrameworksBuildPhase section */
		127B16DF217443B200829046 /* Frameworks */ = {
			isa = PBXFrameworksBuildPhase;
			buildActionMask = 2147483647;
			files = (
			);
			runOnlyForDeploymentPostprocessing = 0;
		};
/* End PBXFrameworksBuildPhase section */

/* Begin PBXGroup section */
		127B16D9217443B200829046 = {
			isa = PBXGroup;
			children = (
				127B16FE2174448A00829046 /* YLSimpleTools */,
				127B16E4217443B200829046 /* YLSimpleToolsDemo */,
				127B16E3217443B200829046 /* Products */,
			);
			sourceTree = "<group>";
		};
		127B16E3217443B200829046 /* Products */ = {
			isa = PBXGroup;
			children = (
				127B16E2217443B200829046 /* YLSimpleToolsDemo.app */,
			);
			name = Products;
			sourceTree = "<group>";
		};
		127B16E4217443B200829046 /* YLSimpleToolsDemo */ = {
			isa = PBXGroup;
			children = (
				127B16E5217443B200829046 /* AppDelegate.h */,
				127B16E6217443B200829046 /* AppDelegate.m */,
				127B16E8217443B200829046 /* ViewController.h */,
				127B16E9217443B200829046 /* ViewController.m */,
				127B16EB217443B200829046 /* Main.storyboard */,
				127B16EE217443B300829046 /* Assets.xcassets */,
				127B16F0217443B300829046 /* LaunchScreen.storyboard */,
				127B16F3217443B300829046 /* Info.plist */,
				127B16F4217443B300829046 /* main.m */,
			);
			path = YLSimpleToolsDemo;
			sourceTree = "<group>";
		};
		127B16FE2174448A00829046 /* YLSimpleTools */ = {
			isa = PBXGroup;
			children = (
				127B16FF2174448A00829046 /* YLSimpleTools.m */,
				127B17002174448A00829046 /* YLSimpleTools.h */,
			);
			name = YLSimpleTools;
			path = ../YLSimpleTools;
			sourceTree = "<group>";
		};
/* End PBXGroup section */

/* Begin PBXNativeTarget section */
		127B16E1217443B200829046 /* YLSimpleToolsDemo */ = {
			isa = PBXNativeTarget;
			buildConfigurationList = 127B16F8217443B300829046 /* Build configuration list for PBXNativeTarget "YLSimpleToolsDemo" */;
			buildPhases = (
				127B16DE217443B200829046 /* Sources */,
				127B16DF217443B200829046 /* Frameworks */,
				127B16E0217443B200829046 /* Resources */,
			);
			buildRules = (
			);
			dependencies = (
			);
			name = YLSimpleToolsDemo;
			productName = YLSimpleToolsDemo;
			productReference = 127B16E2217443B200829046 /* YLSimpleToolsDemo.app */;
			productType = "com.apple.product-type.application";
		};
/* End PBXNativeTarget section */

/* Begin PBXProject section */
		127B16DA217443B200829046 /* Project object */ = {
			isa = PBXProject;
			attributes = {
				LastUpgradeCheck = 1000;
				ORGANIZATIONNAME = wyl;
				TargetAttributes = {
					127B16E1217443B200829046 = {
						CreatedOnToolsVersion = 10.0;
					};
				};
			};
			buildConfigurationList = 127B16DD217443B200829046 /* Build configuration list for PBXProject "YLSimpleToolsDemo" */;
			compatibilityVersion = "Xcode 9.3";
			developmentRegion = en;
			hasScannedForEncodings = 0;
			knownRegions = (
				en,
				Base,
			);
			mainGroup = 127B16D9217443B200829046;
			productRefGroup = 127B16E3217443B200829046 /* Products */;
			projectDirPath = "";
			projectRoot = "";
			targets = (
				127B16E1217443B200829046 /* YLSimpleToolsDemo */,
			);
		};
/* End PBXProject section */

/* Begin PBXResourcesBuildPhase section */
		127B16E0217443B200829046 /* Resources */ = {
			isa = PBXResourcesBuildPhase;
			buildActionMask = 2147483647;
			files = (
				127B16F2217443B300829046 /* LaunchScreen.storyboard in Resources */,
				127B16EF217443B300829046 /* Assets.xcassets in Resources */,
				127B16ED217443B200829046 /* Main.storyboard in Resources */,
			);
			runOnlyForDeploymentPostprocessing = 0;
		};
/* End PBXResourcesBuildPhase section */

/* Begin PBXSourcesBuildPhase section */
		127B16DE217443B200829046 /* Sources */ = {
			isa = PBXSourcesBuildPhase;
			buildActionMask = 2147483647;
			files = (
				127B16EA217443B200829046 /* ViewController.m in Sources */,
				127B16F5217443B300829046 /* main.m in Sources */,
				127B17012174448A00829046 /* YLSimpleTools.m in Sources */,
				127B16E7217443B200829046 /* AppDelegate.m in Sources */,
			);
			runOnlyForDeploymentPostprocessing = 0;
		};
/* End PBXSourcesBuildPhase section */

/* Begin PBXVariantGroup section */
		127B16EB217443B200829046 /* Main.storyboard */ = {
			isa = PBXVariantGroup;
			children = (
				127B16EC217443B200829046 /* Base */,
			);
			name = Main.storyboard;
			sourceTree = "<group>";
		};
		127B16F0217443B300829046 /* LaunchScreen.storyboard */ = {
			isa = PBXVariantGroup;
			children = (
				127B16F1217443B300829046 /* Base */,
			);
			name = LaunchScreen.storyboard;
			sourceTree = "<group>";
		};
/* End PBXVariantGroup section */

/* Begin XCBuildConfiguration section */
		127B16F6217443B300829046 /* Debug */ = {
			isa = XCBuildConfiguration;
			buildSettings = {
				ALWAYS_SEARCH_USER_PATHS = NO;
				CLANG_ANALYZER_NONNULL = YES;
				CLANG_ANALYZER_NUMBER_OBJECT_CONVERSION = YES_AGGRESSIVE;
				CLANG_CXX_LANGUAGE_STANDARD = "gnu++14";
				CLANG_CXX_LIBRARY = "libc++";
				CLANG_ENABLE_MODULES = YES;
				CLANG_ENABLE_OBJC_ARC = YES;
				CLANG_ENABLE_OBJC_WEAK = YES;
				CLANG_WARN_BLOCK_CAPTURE_AUTORELEASING = YES;
				CLANG_WARN_BOOL_CONVERSION = YES;
				CLANG_WARN_COMMA = YES;
				CLANG_WARN_CONSTANT_CONVERSION = YES;
				CLANG_WARN_DEPRECATED_OBJC_IMPLEMENTATIONS = YES;
				CLANG_WARN_DIRECT_OBJC_ISA_USAGE = YES_ERROR;
				CLANG_WARN_DOCUMENTATION_COMMENTS = YES;
				CLANG_WARN_EMPTY_BODY = YES;
				CLANG_WARN_ENUM_CONVERSION = YES;
				CLANG_WARN_INFINITE_RECURSION = YES;
				CLANG_WARN_INT_CONVERSION = YES;
				CLANG_WARN_NON_LITERAL_NULL_CONVERSION = YES;
				CLANG_WARN_OBJC_IMPLICIT_RETAIN_SELF = YES;
				CLANG_WARN_OBJC_LITERAL_CONVERSION = YES;
				CLANG_WARN_OBJC_ROOT_CLASS = YES_ERROR;
				CLANG_WARN_RANGE_LOOP_ANALYSIS = YES;
				CLANG_WARN_STRICT_PROTOTYPES = YES;
				CLANG_WARN_SUSPICIOUS_MOVE = YES;
				CLANG_WARN_UNGUARDED_AVAILABILITY = YES_AGGRESSIVE;
				CLANG_WARN_UNREACHABLE_CODE = YES;
				CLANG_WARN__DUPLICATE_METHOD_MATCH = YES;
				CODE_SIGN_IDENTITY = "iPhone Developer";
				COPY_PHASE_STRIP = NO;
				DEBUG_INFORMATION_FORMAT = dwarf;
				ENABLE_STRICT_OBJC_MSGSEND = YES;
				ENABLE_TESTABILITY = YES;
				GCC_C_LANGUAGE_STANDARD = gnu11;
				GCC_DYNAMIC_NO_PIC = NO;
				GCC_NO_COMMON_BLOCKS = YES;
				GCC_OPTIMIZATION_LEVEL = 0;
				GCC_PREPROCESSOR_DEFINITIONS = (
					"DEBUG=1",
					"$(inherited)",
				);
				GCC_WARN_64_TO_32_BIT_CONVERSION = YES;
				GCC_WARN_ABOUT_RETURN_TYPE = YES_ERROR;
				GCC_WARN_UNDECLARED_SELECTOR = YES;
				GCC_WARN_UNINITIALIZED_AUTOS = YES_AGGRESSIVE;
				GCC_WARN_UNUSED_FUNCTION = YES;
				GCC_WARN_UNUSED_VARIABLE = YES;
				IPHONEOS_DEPLOYMENT_TARGET = 12.0;
				MTL_ENABLE_DEBUG_INFO = INCLUDE_SOURCE;
				MTL_FAST_MATH = YES;
				ONLY_ACTIVE_ARCH = YES;
				SDKROOT = iphoneos;
			};
			name = Debug;
		};
		127B16F7217443B300829046 /* Release */ = {
			isa = XCBuildConfiguration;
			buildSettings = {
				ALWAYS_SEARCH_USER_PATHS = NO;
				CLANG_ANALYZER_NONNULL = YES;
				CLANG_ANALYZER_NUMBER_OBJECT_CONVERSION = YES_AGGRESSIVE;
				CLANG_CXX_LANGUAGE_STANDARD = "gnu++14";
				CLANG_CXX_LIBRARY = "libc++";
				CLANG_ENABLE_MODULES = YES;
				CLANG_ENABLE_OBJC_ARC = YES;
				CLANG_ENABLE_OBJC_WEAK = YES;
				CLANG_WARN_BLOCK_CAPTURE_AUTORELEASING = YES;
				CLANG_WARN_BOOL_CONVERSION = YES;
				CLANG_WARN_COMMA = YES;
				CLANG_WARN_CONSTANT_CONVERSION = YES;
				CLANG_WARN_DEPRECATED_OBJC_IMPLEMENTATIONS = YES;
				CLANG_WARN_DIRECT_OBJC_ISA_USAGE = YES_ERROR;
				CLANG_WARN_DOCUMENTATION_COMMENTS = YES;
				CLANG_WARN_EMPTY_BODY = YES;
				CLANG_WARN_ENUM_CONVERSION = YES;
				CLANG_WARN_INFINITE_RECURSION = YES;
				CLANG_WARN_INT_CONVERSION = YES;
				CLANG_WARN_NON_LITERAL_NULL_CONVERSION = YES;
				CLANG_WARN_OBJC_IMPLICIT_RETAIN_SELF = YES;
				CLANG_WARN_OBJC_LITERAL_CONVERSION = YES;
				CLANG_WARN_OBJC_ROOT_CLASS = YES_ERROR;
				CLANG_WARN_RANGE_LOOP_ANALYSIS = YES;
				CLANG_WARN_STRICT_PROTOTYPES = YES;
				CLANG_WARN_SUSPICIOUS_MOVE = YES;
				CLANG_WARN_UNGUARDED_AVAILABILITY = YES_AGGRESSIVE;
				CLANG_WARN_UNREACHABLE_CODE = YES;
				CLANG_WARN__DUPLICATE_METHOD_MATCH = YES;
				CODE_SIGN_IDENTITY = "iPhone Developer";
				COPY_PHASE_STRIP = NO;
				DEBUG_INFORMATION_FORMAT = "dwarf-with-dsym";
				ENABLE_NS_ASSERTIONS = NO;
				ENABLE_STRICT_OBJC_MSGSEND = YES;
				GCC_C_LANGUAGE_STANDARD = gnu11;
				GCC_NO_COMMON_BLOCKS = YES;
				GCC_WARN_64_TO_32_BIT_CONVERSION = YES;
				GCC_WARN_ABOUT_RETURN_TYPE = YES_ERROR;
				GCC_WARN_UNDECLARED_SELECTOR = YES;
				GCC_WARN_UNINITIALIZED_AUTOS = YES_AGGRESSIVE;
				GCC_WARN_UNUSED_FUNCTION = YES;
				GCC_WARN_UNUSED_VARIABLE = YES;
				IPHONEOS_DEPLOYMENT_TARGET = 12.0;
				MTL_ENABLE_DEBUG_INFO = NO;
				MTL_FAST_MATH = YES;
				SDKROOT = iphoneos;
				VALIDATE_PRODUCT = YES;
			};
			name = Release;
		};
		127B16F9217443B300829046 /* Debug */ = {
			isa = XCBuildConfiguration;
			buildSettings = {
				ASSETCATALOG_COMPILER_APPICON_NAME = AppIcon;
				CODE_SIGN_STYLE = Automatic;
				INFOPLIST_FILE = YLSimpleToolsDemo/Info.plist;
				LD_RUNPATH_SEARCH_PATHS = (
					"$(inherited)",
					"@executable_path/Frameworks",
				);
				PRODUCT_BUNDLE_IDENTIFIER = Future.YLSimpleToolsDemo;
				PRODUCT_NAME = "$(TARGET_NAME)";
				TARGETED_DEVICE_FAMILY = "1,2";
			};
			name = Debug;
		};
		127B16FA217443B300829046 /* Release */ = {
			isa = XCBuildConfiguration;
			buildSettings = {
				ASSETCATALOG_COMPILER_APPICON_NAME = AppIcon;
				CODE_SIGN_STYLE = Automatic;
				INFOPLIST_FILE = YLSimpleToolsDemo/Info.plist;
				LD_RUNPATH_SEARCH_PATHS = (
					"$(inherited)",
					"@executable_path/Frameworks",
				);
				PRODUCT_BUNDLE_IDENTIFIER = Future.YLSimpleToolsDemo;
				PRODUCT_NAME = "$(TARGET_NAME)";
				TARGETED_DEVICE_FAMILY = "1,2";
			};
			name = Release;
		};
/* End XCBuildConfiguration section */

/* Begin XCConfigurationList section */
		127B16DD217443B200829046 /* Build configuration list for PBXProject "YLSimpleToolsDemo" */ = {
			isa = XCConfigurationList;
			buildConfigurations = (
				127B16F6217443B300829046 /* Debug */,
				127B16F7217443B300829046 /* Release */,
			);
			defaultConfigurationIsVisible = 0;
			defaultConfigurationName = Release;
		};
		127B16F8217443B300829046 /* Build configuration list for PBXNativeTarget "YLSimpleToolsDemo" */ = {
			isa = XCConfigurationList;
			buildConfigurations = (
				127B16F9217443B300829046 /* Debug */,
				127B16FA217443B300829046 /* Release */,
			);
			defaultConfigurationIsVisible = 0;
			defaultConfigurationName = Release;
		};
/* End XCConfigurationList section */
	};
	rootObject = 127B16DA217443B200829046 /* Project object */;
}
